// !$*UTF8*$!
{
	archiveVersion = 1;
	classes = {
	};
	objectVersion = 50;
	objects = {

/* Begin PBXBuildFile section */
		04B8C435229BE6D700C37E85 /* LaunchScreen.storyboard in Resources */ = {isa = PBXBuildFile; fileRef = 04B8C433229BE6D700C37E85 /* LaunchScreen.storyboard */; };
		04B8C438229BF94700C37E85 /* CurrentWeather.swift in Sources */ = {isa = PBXBuildFile; fileRef = 04B8C437229BF94700C37E85 /* CurrentWeather.swift */; };
		04B8C43A229BF9D900C37E85 /* WeatherIconManager.swift in Sources */ = {isa = PBXBuildFile; fileRef = 04B8C439229BF9D900C37E85 /* WeatherIconManager.swift */; };
		04B8C43D229BFC3600C37E85 /* WeatherIconManager+Extension.swift in Sources */ = {isa = PBXBuildFile; fileRef = 04B8C43C229BFC3600C37E85 /* WeatherIconManager+Extension.swift */; };
		04B8C43F229C00D700C37E85 /* CurrentWeather+Extension.swift in Sources */ = {isa = PBXBuildFile; fileRef = 04B8C43E229C00D700C37E85 /* CurrentWeather+Extension.swift */; };
		04B9DB77229BBEE6003D1EBF /* AppDelegate.swift in Sources */ = {isa = PBXBuildFile; fileRef = 04B9DB76229BBEE6003D1EBF /* AppDelegate.swift */; };
		04B9DB79229BBEE6003D1EBF /* WeatherViewController.swift in Sources */ = {isa = PBXBuildFile; fileRef = 04B9DB78229BBEE6003D1EBF /* WeatherViewController.swift */; };
		04B9DB7E229BBEE7003D1EBF /* Assets.xcassets in Resources */ = {isa = PBXBuildFile; fileRef = 04B9DB7D229BBEE7003D1EBF /* Assets.xcassets */; };
		04B9DB8D229BC6B3003D1EBF /* UIView+Extension.swift in Sources */ = {isa = PBXBuildFile; fileRef = 04B9DB8C229BC6B3003D1EBF /* UIView+Extension.swift */; };
/* End PBXBuildFile section */

/* Begin PBXFileReference section */
		04B8C434229BE6D700C37E85 /* Base */ = {isa = PBXFileReference; lastKnownFileType = file.storyboard; name = Base; path = ../../../RecipePizza/RecipePizza/RecipePizza/Base.lproj/LaunchScreen.storyboard; sourceTree = "<group>"; };
		04B8C437229BF94700C37E85 /* CurrentWeather.swift */ = {isa = PBXFileReference; lastKnownFileType = sourcecode.swift; path = CurrentWeather.swift; sourceTree = "<group>"; };
		04B8C439229BF9D900C37E85 /* WeatherIconManager.swift */ = {isa = PBXFileReference; lastKnownFileType = sourcecode.swift; path = WeatherIconManager.swift; sourceTree = "<group>"; };
		04B8C43C229BFC3600C37E85 /* WeatherIconManager+Extension.swift */ = {isa = PBXFileReference; lastKnownFileType = sourcecode.swift; path = "WeatherIconManager+Extension.swift"; sourceTree = "<group>"; };
		04B8C43E229C00D700C37E85 /* CurrentWeather+Extension.swift */ = {isa = PBXFileReference; lastKnownFileType = sourcecode.swift; path = "CurrentWeather+Extension.swift"; sourceTree = "<group>"; };
		04B9DB73229BBEE6003D1EBF /* Weather-App.app */ = {isa = PBXFileReference; explicitFileType = wrapper.application; includeInIndex = 0; path = "Weather-App.app"; sourceTree = BUILT_PRODUCTS_DIR; };
		04B9DB76229BBEE6003D1EBF /* AppDelegate.swift */ = {isa = PBXFileReference; lastKnownFileType = sourcecode.swift; path = AppDelegate.swift; sourceTree = "<group>"; };
		04B9DB78229BBEE6003D1EBF /* WeatherViewController.swift */ = {isa = PBXFileReference; lastKnownFileType = sourcecode.swift; path = WeatherViewController.swift; sourceTree = "<group>"; };
		04B9DB7D229BBEE7003D1EBF /* Assets.xcassets */ = {isa = PBXFileReference; lastKnownFileType = folder.assetcatalog; path = Assets.xcassets; sourceTree = "<group>"; };
		04B9DB82229BBEE7003D1EBF /* Info.plist */ = {isa = PBXFileReference; lastKnownFileType = text.plist.xml; path = Info.plist; sourceTree = "<group>"; };
		04B9DB8C229BC6B3003D1EBF /* UIView+Extension.swift */ = {isa = PBXFileReference; fileEncoding = 4; lastKnownFileType = sourcecode.swift; name = "UIView+Extension.swift"; path = "../../../../Admob_Advertising/AdmobAdvertising/Extensions/UIView+Extension.swift"; sourceTree = "<group>"; };
/* End PBXFileReference section */

/* Begin PBXFrameworksBuildPhase section */
		04B9DB70229BBEE5003D1EBF /* Frameworks */ = {
			isa = PBXFrameworksBuildPhase;
			buildActionMask = 2147483647;
			files = (
			);
			runOnlyForDeploymentPostprocessing = 0;
		};
/* End PBXFrameworksBuildPhase section */

/* Begin PBXGroup section */
		04B8C436229BF8D500C37E85 /* Models */ = {
			isa = PBXGroup;
			children = (
				04B8C437229BF94700C37E85 /* CurrentWeather.swift */,
			);
			path = Models;
			sourceTree = "<group>";
		};
		04B8C43B229BFBF000C37E85 /* Managers */ = {
			isa = PBXGroup;
			children = (
				04B8C439229BF9D900C37E85 /* WeatherIconManager.swift */,
			);
			path = Managers;
			sourceTree = "<group>";
		};
		04B9DB6A229BBEE5003D1EBF = {
			isa = PBXGroup;
			children = (
				04B9DB75229BBEE6003D1EBF /* Weather-App */,
				04B9DB74229BBEE6003D1EBF /* Products */,
			);
			sourceTree = "<group>";
		};
		04B9DB74229BBEE6003D1EBF /* Products */ = {
			isa = PBXGroup;
			children = (
				04B9DB73229BBEE6003D1EBF /* Weather-App.app */,
			);
			name = Products;
			sourceTree = "<group>";
		};
		04B9DB75229BBEE6003D1EBF /* Weather-App */ = {
			isa = PBXGroup;
			children = (
				04B8C43B229BFBF000C37E85 /* Managers */,
				04B8C436229BF8D500C37E85 /* Models */,
				04B8C433229BE6D700C37E85 /* LaunchScreen.storyboard */,
				04B9DB89229BC66D003D1EBF /* Extensions */,
				04B9DB88229BC633003D1EBF /* SupportFiles */,
				04B9DB78229BBEE6003D1EBF /* WeatherViewController.swift */,
			);
			path = "Weather-App";
			sourceTree = "<group>";
		};
		04B9DB88229BC633003D1EBF /* SupportFiles */ = {
			isa = PBXGroup;
			children = (
				04B9DB76229BBEE6003D1EBF /* AppDelegate.swift */,
				04B9DB7D229BBEE7003D1EBF /* Assets.xcassets */,
				04B9DB82229BBEE7003D1EBF /* Info.plist */,
			);
			path = SupportFiles;
			sourceTree = "<group>";
		};
		04B9DB89229BC66D003D1EBF /* Extensions */ = {
			isa = PBXGroup;
			children = (
				04B9DB8C229BC6B3003D1EBF /* UIView+Extension.swift */,
				04B8C43C229BFC3600C37E85 /* WeatherIconManager+Extension.swift */,
				04B8C43E229C00D700C37E85 /* CurrentWeather+Extension.swift */,
			);
			path = Extensions;
			sourceTree = "<group>";
		};
/* End PBXGroup section */

/* Begin PBXNativeTarget section */
		04B9DB72229BBEE5003D1EBF /* Weather-App */ = {
			isa = PBXNativeTarget;
			buildConfigurationList = 04B9DB85229BBEE7003D1EBF /* Build configuration list for PBXNativeTarget "Weather-App" */;
			buildPhases = (
				04B9DB6F229BBEE5003D1EBF /* Sources */,
				04B9DB70229BBEE5003D1EBF /* Frameworks */,
				04B9DB71229BBEE5003D1EBF /* Resources */,
			);
			buildRules = (
			);
			dependencies = (
			);
			name = "Weather-App";
			productName = "Weather-App";
			productReference = 04B9DB73229BBEE6003D1EBF /* Weather-App.app */;
			productType = "com.apple.product-type.application";
		};
/* End PBXNativeTarget section */

/* Begin PBXProject section */
		04B9DB6B229BBEE5003D1EBF /* Project object */ = {
			isa = PBXProject;
			attributes = {
				LastSwiftUpdateCheck = 1020;
				LastUpgradeCheck = 1020;
				ORGANIZATIONNAME = mac;
				TargetAttributes = {
					04B9DB72229BBEE5003D1EBF = {
						CreatedOnToolsVersion = 10.2.1;
					};
				};
			};
			buildConfigurationList = 04B9DB6E229BBEE5003D1EBF /* Build configuration list for PBXProject "Weather-App" */;
			compatibilityVersion = "Xcode 9.3";
			developmentRegion = en;
			hasScannedForEncodings = 0;
			knownRegions = (
				en,
				Base,
			);
			mainGroup = 04B9DB6A229BBEE5003D1EBF;
			productRefGroup = 04B9DB74229BBEE6003D1EBF /* Products */;
			projectDirPath = "";
			projectRoot = "";
			targets = (
				04B9DB72229BBEE5003D1EBF /* Weather-App */,
			);
		};
/* End PBXProject section */

/* Begin PBXResourcesBuildPhase section */
		04B9DB71229BBEE5003D1EBF /* Resources */ = {
			isa = PBXResourcesBuildPhase;
			buildActionMask = 2147483647;
			files = (
				04B9DB7E229BBEE7003D1EBF /* Assets.xcassets in Resources */,
				04B8C435229BE6D700C37E85 /* LaunchScreen.storyboard in Resources */,
			);
			runOnlyForDeploymentPostprocessing = 0;
		};
/* End PBXResourcesBuildPhase section */

/* Begin PBXSourcesBuildPhase section */
		04B9DB6F229BBEE5003D1EBF /* Sources */ = {
			isa = PBXSourcesBuildPhase;
			buildActionMask = 2147483647;
			files = (
				04B9DB79229BBEE6003D1EBF /* WeatherViewController.swift in Sources */,
				04B8C43D229BFC3600C37E85 /* WeatherIconManager+Extension.swift in Sources */,
				04B9DB77229BBEE6003D1EBF /* AppDelegate.swift in Sources */,
				04B8C43A229BF9D900C37E85 /* WeatherIconManager.swift in Sources */,
				04B8C438229BF94700C37E85 /* CurrentWeather.swift in Sources */,
				04B9DB8D229BC6B3003D1EBF /* UIView+Extension.swift in Sources */,
				04B8C43F229C00D700C37E85 /* CurrentWeather+Extension.swift in Sources */,
			);
			runOnlyForDeploymentPostprocessing = 0;
		};
/* End PBXSourcesBuildPhase section */

/* Begin PBXVariantGroup section */
		04B8C433229BE6D700C37E85 /* LaunchScreen.storyboard */ = {
			isa = PBXVariantGroup;
			children = (
				04B8C434229BE6D700C37E85 /* Base */,
			);
			name = LaunchScreen.storyboard;
			sourceTree = "<group>";
		};
/* End PBXVariantGroup section */

/* Begin XCBuildConfiguration section */
		04B9DB83229BBEE7003D1EBF /* Debug */ = {
			isa = XCBuildConfiguration;
			buildSettings = {
				ALWAYS_SEARCH_USER_PATHS = NO;
				CLANG_ANALYZER_NONNULL = YES;
				CLANG_ANALYZER_NUMBER_OBJECT_CONVERSION = YES_AGGRESSIVE;
				CLANG_CXX_LANGUAGE_STANDARD = "gnu++14";
				CLANG_CXX_LIBRARY = "libc++";
				CLANG_ENABLE_MODULES = YES;
				CLANG_ENABLE_OBJC_ARC = YES;
				CLANG_ENABLE_OBJC_WEAK = YES;
				CLANG_WARN_BLOCK_CAPTURE_AUTORELEASING = YES;
				CLANG_WARN_BOOL_CONVERSION = YES;
				CLANG_WARN_COMMA = YES;
				CLANG_WARN_CONSTANT_CONVERSION = YES;
				CLANG_WARN_DEPRECATED_OBJC_IMPLEMENTATIONS = YES;
				CLANG_WARN_DIRECT_OBJC_ISA_USAGE = YES_ERROR;
				CLANG_WARN_DOCUMENTATION_COMMENTS = YES;
				CLANG_WARN_EMPTY_BODY = YES;
				CLANG_WARN_ENUM_CONVERSION = YES;
				CLANG_WARN_INFINITE_RECURSION = YES;
				CLANG_WARN_INT_CONVERSION = YES;
				CLANG_WARN_NON_LITERAL_NULL_CONVERSION = YES;
				CLANG_WARN_OBJC_IMPLICIT_RETAIN_SELF = YES;
				CLANG_WARN_OBJC_LITERAL_CONVERSION = YES;
				CLANG_WARN_OBJC_ROOT_CLASS = YES_ERROR;
				CLANG_WARN_RANGE_LOOP_ANALYSIS = YES;
				CLANG_WARN_STRICT_PROTOTYPES = YES;
				CLANG_WARN_SUSPICIOUS_MOVE = YES;
				CLANG_WARN_UNGUARDED_AVAILABILITY = YES_AGGRESSIVE;
				CLANG_WARN_UNREACHABLE_CODE = YES;
				CLANG_WARN__DUPLICATE_METHOD_MATCH = YES;
				CODE_SIGN_IDENTITY = "iPhone Developer";
				COPY_PHASE_STRIP = NO;
				DEBUG_INFORMATION_FORMAT = dwarf;
				ENABLE_STRICT_OBJC_MSGSEND = YES;
				ENABLE_TESTABILITY = YES;
				GCC_C_LANGUAGE_STANDARD = gnu11;
				GCC_DYNAMIC_NO_PIC = NO;
				GCC_NO_COMMON_BLOCKS = YES;
				GCC_OPTIMIZATION_LEVEL = 0;
				GCC_PREPROCESSOR_DEFINITIONS = (
					"DEBUG=1",
					"$(inherited)",
				);
				GCC_WARN_64_TO_32_BIT_CONVERSION = YES;
				GCC_WARN_ABOUT_RETURN_TYPE = YES_ERROR;
				GCC_WARN_UNDECLARED_SELECTOR = YES;
				GCC_WARN_UNINITIALIZED_AUTOS = YES_AGGRESSIVE;
				GCC_WARN_UNUSED_FUNCTION = YES;
				GCC_WARN_UNUSED_VARIABLE = YES;
				IPHONEOS_DEPLOYMENT_TARGET = 12.2;
				MTL_ENABLE_DEBUG_INFO = INCLUDE_SOURCE;
				MTL_FAST_MATH = YES;
				ONLY_ACTIVE_ARCH = YES;
				SDKROOT = iphoneos;
				SWIFT_ACTIVE_COMPILATION_CONDITIONS = DEBUG;
				SWIFT_OPTIMIZATION_LEVEL = "-Onone";
			};
			name = Debug;
		};
		04B9DB84229BBEE7003D1EBF /* Release */ = {
			isa = XCBuildConfiguration;
			buildSettings = {
				ALWAYS_SEARCH_USER_PATHS = NO;
				CLANG_ANALYZER_NONNULL = YES;
				CLANG_ANALYZER_NUMBER_OBJECT_CONVERSION = YES_AGGRESSIVE;
				CLANG_CXX_LANGUAGE_STANDARD = "gnu++14";
				CLANG_CXX_LIBRARY = "libc++";
				CLANG_ENABLE_MODULES = YES;
				CLANG_ENABLE_OBJC_ARC = YES;
				CLANG_ENABLE_OBJC_WEAK = YES;
				CLANG_WARN_BLOCK_CAPTURE_AUTORELEASING = YES;
				CLANG_WARN_BOOL_CONVERSION = YES;
				CLANG_WARN_COMMA = YES;
				CLANG_WARN_CONSTANT_CONVERSION = YES;
				CLANG_WARN_DEPRECATED_OBJC_IMPLEMENTATIONS = YES;
				CLANG_WARN_DIRECT_OBJC_ISA_USAGE = YES_ERROR;
				CLANG_WARN_DOCUMENTATION_COMMENTS = YES;
				CLANG_WARN_EMPTY_BODY = YES;
				CLANG_WARN_ENUM_CONVERSION = YES;
				CLANG_WARN_INFINITE_RECURSION = YES;
				CLANG_WARN_INT_CONVERSION = YES;
				CLANG_WARN_NON_LITERAL_NULL_CONVERSION = YES;
				CLANG_WARN_OBJC_IMPLICIT_RETAIN_SELF = YES;
				CLANG_WARN_OBJC_LITERAL_CONVERSION = YES;
				CLANG_WARN_OBJC_ROOT_CLASS = YES_ERROR;
				CLANG_WARN_RANGE_LOOP_ANALYSIS = YES;
				CLANG_WARN_STRICT_PROTOTYPES = YES;
				CLANG_WARN_SUSPICIOUS_MOVE = YES;
				CLANG_WARN_UNGUARDED_AVAILABILITY = YES_AGGRESSIVE;
				CLANG_WARN_UNREACHABLE_CODE = YES;
				CLANG_WARN__DUPLICATE_METHOD_MATCH = YES;
				CODE_SIGN_IDENTITY = "iPhone Developer";
				COPY_PHASE_STRIP = NO;
				DEBUG_INFORMATION_FORMAT = "dwarf-with-dsym";
				ENABLE_NS_ASSERTIONS = NO;
				ENABLE_STRICT_OBJC_MSGSEND = YES;
				GCC_C_LANGUAGE_STANDARD = gnu11;
				GCC_NO_COMMON_BLOCKS = YES;
				GCC_WARN_64_TO_32_BIT_CONVERSION = YES;
				GCC_WARN_ABOUT_RETURN_TYPE = YES_ERROR;
				GCC_WARN_UNDECLARED_SELECTOR = YES;
				GCC_WARN_UNINITIALIZED_AUTOS = YES_AGGRESSIVE;
				GCC_WARN_UNUSED_FUNCTION = YES;
				GCC_WARN_UNUSED_VARIABLE = YES;
				IPHONEOS_DEPLOYMENT_TARGET = 12.2;
				MTL_ENABLE_DEBUG_INFO = NO;
				MTL_FAST_MATH = YES;
				SDKROOT = iphoneos;
				SWIFT_COMPILATION_MODE = wholemodule;
				SWIFT_OPTIMIZATION_LEVEL = "-O";
				VALIDATE_PRODUCT = YES;
			};
			name = Release;
		};
		04B9DB86229BBEE7003D1EBF /* Debug */ = {
			isa = XCBuildConfiguration;
			buildSettings = {
				ASSETCATALOG_COMPILER_APPICON_NAME = AppIcon;
				CODE_SIGN_STYLE = Automatic;
				DEVELOPMENT_TEAM = 3QA4U3887B;
				INFOPLIST_FILE = "$(SRCROOT)/Weather-App/SupportFiles/Info.plist";
				LD_RUNPATH_SEARCH_PATHS = (
					"$(inherited)",
					"@executable_path/Frameworks",
				);
				PRODUCT_BUNDLE_IDENTIFIER = "lordkosstestios.lordkoss.Weather-App";
				PRODUCT_NAME = "$(TARGET_NAME)";
				SWIFT_VERSION = 5.0;
				TARGETED_DEVICE_FAMILY = "1,2";
			};
			name = Debug;
		};
		04B9DB87229BBEE7003D1EBF /* Release */ = {
			isa = XCBuildConfiguration;
			buildSettings = {
				ASSETCATALOG_COMPILER_APPICON_NAME = AppIcon;
				CODE_SIGN_STYLE = Automatic;
				DEVELOPMENT_TEAM = 3QA4U3887B;
				INFOPLIST_FILE = "$(SRCROOT)/Weather-App/SupportFiles/Info.plist";
				LD_RUNPATH_SEARCH_PATHS = (
					"$(inherited)",
					"@executable_path/Frameworks",
				);
				PRODUCT_BUNDLE_IDENTIFIER = "lordkosstestios.lordkoss.Weather-App";
				PRODUCT_NAME = "$(TARGET_NAME)";
				SWIFT_VERSION = 5.0;
				TARGETED_DEVICE_FAMILY = "1,2";
			};
			name = Release;
		};
/* End XCBuildConfiguration section */

/* Begin XCConfigurationList section */
		04B9DB6E229BBEE5003D1EBF /* Build configuration list for PBXProject "Weather-App" */ = {
			isa = XCConfigurationList;
			buildConfigurations = (
				04B9DB83229BBEE7003D1EBF /* Debug */,
				04B9DB84229BBEE7003D1EBF /* Release */,
			);
			defaultConfigurationIsVisible = 0;
			defaultConfigurationName = Release;
		};
		04B9DB85229BBEE7003D1EBF /* Build configuration list for PBXNativeTarget "Weather-App" */ = {
			isa = XCConfigurationList;
			buildConfigurations = (
				04B9DB86229BBEE7003D1EBF /* Debug */,
				04B9DB87229BBEE7003D1EBF /* Release */,
			);
			defaultConfigurationIsVisible = 0;
			defaultConfigurationName = Release;
		};
/* End XCConfigurationList section */
	};
	rootObject = 04B9DB6B229BBEE5003D1EBF /* Project object */;
}
